{
  "requires": true,
  "lockfileVersion": 1,
  "dependencies": {
    "docslider": {
      "version": "3.0.1",
      "resolved": "https://registry.npmjs.org/docslider/-/docslider-3.0.1.tgz",
      "integrity": "sha512-CJZDnags1bvMblU2BuXEKd6AzThH4Zw0z5nSz4C/BXbaKaWJ/bH5nQwcMpssoxCAc+1Wh2eTPfrm7ZnMgdlrKQ=="
    }
  }
}
